
Microsoft Visual Studio Solution File, Format Version 12.00
# Visual Studio Version 16
VisualStudioVersion = 16.0.30907.101
MinimumVisualStudioVersion = 10.0.40219.1
Project("{FAE04EC0-301F-11D3-BF4B-00C04F79EFBC}") = "CovidData", "CovidData.csproj", "{AB738DA6-A902-4C0C-ACCC-18B0A934054E}"
EndProject
Global
	GlobalSection(SolutionConfigurationPlatforms) = preSolution
		Debug|Any CPU = Debug|Any CPU
		Release|Any CPU = Release|Any CPU
	EndGlobalSection
	GlobalSection(ProjectConfigurationPlatforms) = postSolution
		{AB738DA6-A902-4C0C-ACCC-18B0A934054E}.Debug|Any CPU.ActiveCfg = Debug|Any CPU
		{AB738DA6-A902-4C0C-ACCC-18B0A934054E}.Debug|Any CPU.Build.0 = Debug|Any CPU
		{AB738DA6-A902-4C0C-ACCC-18B0A934054E}.Release|Any CPU.ActiveCfg = Release|Any CPU
		{AB738DA6-A902-4C0C-ACCC-18B0A934054E}.Release|Any CPU.Build.0 = Release|Any CPU
	EndGlobalSection
	GlobalSection(SolutionProperties) = preSolution
		HideSolutionNode = FALSE
	EndGlobalSection
	GlobalSection(ExtensibilityGlobals) = postSolution
		SolutionGuid = {7ABBEB77-9B20-4033-BD4B-FE1B14FDE53D}
	EndGlobalSection
EndGlobal
